// !$*UTF8*$!
{
	archiveVersion = 1;
	classes = {
	};
	objectVersion = 56;
	objects = {

/* Begin PBXBuildFile section */
		F1F54F8C2A412D2E0061EBC8 /* QuetzalBankApp.swift in Sources */ = {isa = PBXBuildFile; fileRef = F1F54F8B2A412D2E0061EBC8 /* QuetzalBankApp.swift */; };
		F1F54F8E2A412D2E0061EBC8 /* ContentView.swift in Sources */ = {isa = PBXBuildFile; fileRef = F1F54F8D2A412D2E0061EBC8 /* ContentView.swift */; };
		F1F54F902A412D2E0061EBC8 /* Assets.xcassets in Resources */ = {isa = PBXBuildFile; fileRef = F1F54F8F2A412D2E0061EBC8 /* Assets.xcassets */; };
		F1F54F932A412D2E0061EBC8 /* Preview Assets.xcassets in Resources */ = {isa = PBXBuildFile; fileRef = F1F54F922A412D2E0061EBC8 /* Preview Assets.xcassets */; };
		F1F54F9D2A412D2E0061EBC8 /* QuetzalBankTests.swift in Sources */ = {isa = PBXBuildFile; fileRef = F1F54F9C2A412D2E0061EBC8 /* QuetzalBankTests.swift */; };
		F1F54FA72A412D2E0061EBC8 /* QuetzalBankUITests.swift in Sources */ = {isa = PBXBuildFile; fileRef = F1F54FA62A412D2E0061EBC8 /* QuetzalBankUITests.swift */; };
		F1F54FA92A412D2E0061EBC8 /* QuetzalBankUITestsLaunchTests.swift in Sources */ = {isa = PBXBuildFile; fileRef = F1F54FA82A412D2E0061EBC8 /* QuetzalBankUITestsLaunchTests.swift */; };
/* End PBXBuildFile section */

/* Begin PBXContainerItemProxy section */
		F1F54F992A412D2E0061EBC8 /* PBXContainerItemProxy */ = {
			isa = PBXContainerItemProxy;
			containerPortal = F1F54F802A412D2E0061EBC8 /* Project object */;
			proxyType = 1;
			remoteGlobalIDString = F1F54F872A412D2E0061EBC8;
			remoteInfo = QuetzalBank;
		};
		F1F54FA32A412D2E0061EBC8 /* PBXContainerItemProxy */ = {
			isa = PBXContainerItemProxy;
			containerPortal = F1F54F802A412D2E0061EBC8 /* Project object */;
			proxyType = 1;
			remoteGlobalIDString = F1F54F872A412D2E0061EBC8;
			remoteInfo = QuetzalBank;
		};
/* End PBXContainerItemProxy section */

/* Begin PBXFileReference section */
		F1F54F882A412D2E0061EBC8 /* QuetzalBank.app */ = {isa = PBXFileReference; explicitFileType = wrapper.application; includeInIndex = 0; path = QuetzalBank.app; sourceTree = BUILT_PRODUCTS_DIR; };
		F1F54F8B2A412D2E0061EBC8 /* QuetzalBankApp.swift */ = {isa = PBXFileReference; lastKnownFileType = sourcecode.swift; path = QuetzalBankApp.swift; sourceTree = "<group>"; };
		F1F54F8D2A412D2E0061EBC8 /* ContentView.swift */ = {isa = PBXFileReference; lastKnownFileType = sourcecode.swift; path = ContentView.swift; sourceTree = "<group>"; };
		F1F54F8F2A412D2E0061EBC8 /* Assets.xcassets */ = {isa = PBXFileReference; lastKnownFileType = folder.assetcatalog; path = Assets.xcassets; sourceTree = "<group>"; };
		F1F54F922A412D2E0061EBC8 /* Preview Assets.xcassets */ = {isa = PBXFileReference; lastKnownFileType = folder.assetcatalog; path = "Preview Assets.xcassets"; sourceTree = "<group>"; };
		F1F54F982A412D2E0061EBC8 /* QuetzalBankTests.xctest */ = {isa = PBXFileReference; explicitFileType = wrapper.cfbundle; includeInIndex = 0; path = QuetzalBankTests.xctest; sourceTree = BUILT_PRODUCTS_DIR; };
		F1F54F9C2A412D2E0061EBC8 /* QuetzalBankTests.swift */ = {isa = PBXFileReference; lastKnownFileType = sourcecode.swift; path = QuetzalBankTests.swift; sourceTree = "<group>"; };
		F1F54FA22A412D2E0061EBC8 /* QuetzalBankUITests.xctest */ = {isa = PBXFileReference; explicitFileType = wrapper.cfbundle; includeInIndex = 0; path = QuetzalBankUITests.xctest; sourceTree = BUILT_PRODUCTS_DIR; };
		F1F54FA62A412D2E0061EBC8 /* QuetzalBankUITests.swift */ = {isa = PBXFileReference; lastKnownFileType = sourcecode.swift; path = QuetzalBankUITests.swift; sourceTree = "<group>"; };
		F1F54FA82A412D2E0061EBC8 /* QuetzalBankUITestsLaunchTests.swift */ = {isa = PBXFileReference; lastKnownFileType = sourcecode.swift; path = QuetzalBankUITestsLaunchTests.swift; sourceTree = "<group>"; };
/* End PBXFileReference section */

/* Begin PBXFrameworksBuildPhase section */
		F1F54F852A412D2E0061EBC8 /* Frameworks */ = {
			isa = PBXFrameworksBuildPhase;
			buildActionMask = 2147483647;
			files = (
			);
			runOnlyForDeploymentPostprocessing = 0;
		};
		F1F54F952A412D2E0061EBC8 /* Frameworks */ = {
			isa = PBXFrameworksBuildPhase;
			buildActionMask = 2147483647;
			files = (
			);
			runOnlyForDeploymentPostprocessing = 0;
		};
		F1F54F9F2A412D2E0061EBC8 /* Frameworks */ = {
			isa = PBXFrameworksBuildPhase;
			buildActionMask = 2147483647;
			files = (
			);
			runOnlyForDeploymentPostprocessing = 0;
		};
/* End PBXFrameworksBuildPhase section */

/* Begin PBXGroup section */
		F1F54F7F2A412D2E0061EBC8 = {
			isa = PBXGroup;
			children = (
				F1F54F8A2A412D2E0061EBC8 /* QuetzalBank */,
				F1F54F9B2A412D2E0061EBC8 /* QuetzalBankTests */,
				F1F54FA52A412D2E0061EBC8 /* QuetzalBankUITests */,
				F1F54F892A412D2E0061EBC8 /* Products */,
			);
			sourceTree = "<group>";
		};
		F1F54F892A412D2E0061EBC8 /* Products */ = {
			isa = PBXGroup;
			children = (
				F1F54F882A412D2E0061EBC8 /* QuetzalBank.app */,
				F1F54F982A412D2E0061EBC8 /* QuetzalBankTests.xctest */,
				F1F54FA22A412D2E0061EBC8 /* QuetzalBankUITests.xctest */,
			);
			name = Products;
			sourceTree = "<group>";
		};
		F1F54F8A2A412D2E0061EBC8 /* QuetzalBank */ = {
			isa = PBXGroup;
			children = (
				F1F54F8B2A412D2E0061EBC8 /* QuetzalBankApp.swift */,
				F1F54F8D2A412D2E0061EBC8 /* ContentView.swift */,
				F1F54F8F2A412D2E0061EBC8 /* Assets.xcassets */,
				F1F54F912A412D2E0061EBC8 /* Preview Content */,
			);
			path = QuetzalBank;
			sourceTree = "<group>";
		};
		F1F54F912A412D2E0061EBC8 /* Preview Content */ = {
			isa = PBXGroup;
			children = (
				F1F54F922A412D2E0061EBC8 /* Preview Assets.xcassets */,
			);
			path = "Preview Content";
			sourceTree = "<group>";
		};
		F1F54F9B2A412D2E0061EBC8 /* QuetzalBankTests */ = {
			isa = PBXGroup;
			children = (
				F1F54F9C2A412D2E0061EBC8 /* QuetzalBankTests.swift */,
			);
			path = QuetzalBankTests;
			sourceTree = "<group>";
		};
		F1F54FA52A412D2E0061EBC8 /* QuetzalBankUITests */ = {
			isa = PBXGroup;
			children = (
				F1F54FA62A412D2E0061EBC8 /* QuetzalBankUITests.swift */,
				F1F54FA82A412D2E0061EBC8 /* QuetzalBankUITestsLaunchTests.swift */,
			);
			path = QuetzalBankUITests;
			sourceTree = "<group>";
		};
/* End PBXGroup section */

/* Begin PBXNativeTarget section */
		F1F54F872A412D2E0061EBC8 /* QuetzalBank */ = {
			isa = PBXNativeTarget;
			buildConfigurationList = F1F54FAC2A412D2E0061EBC8 /* Build configuration list for PBXNativeTarget "QuetzalBank" */;
			buildPhases = (
				F1F54F842A412D2E0061EBC8 /* Sources */,
				F1F54F852A412D2E0061EBC8 /* Frameworks */,
				F1F54F862A412D2E0061EBC8 /* Resources */,
			);
			buildRules = (
			);
			dependencies = (
			);
			name = QuetzalBank;
			productName = QuetzalBank;
			productReference = F1F54F882A412D2E0061EBC8 /* QuetzalBank.app */;
			productType = "com.apple.product-type.application";
		};
		F1F54F972A412D2E0061EBC8 /* QuetzalBankTests */ = {
			isa = PBXNativeTarget;
			buildConfigurationList = F1F54FAF2A412D2E0061EBC8 /* Build configuration list for PBXNativeTarget "QuetzalBankTests" */;
			buildPhases = (
				F1F54F942A412D2E0061EBC8 /* Sources */,
				F1F54F952A412D2E0061EBC8 /* Frameworks */,
				F1F54F962A412D2E0061EBC8 /* Resources */,
			);
			buildRules = (
			);
			dependencies = (
				F1F54F9A2A412D2E0061EBC8 /* PBXTargetDependency */,
			);
			name = QuetzalBankTests;
			productName = QuetzalBankTests;
			productReference = F1F54F982A412D2E0061EBC8 /* QuetzalBankTests.xctest */;
			productType = "com.apple.product-type.bundle.unit-test";
		};
		F1F54FA12A412D2E0061EBC8 /* QuetzalBankUITests */ = {
			isa = PBXNativeTarget;
			buildConfigurationList = F1F54FB22A412D2E0061EBC8 /* Build configuration list for PBXNativeTarget "QuetzalBankUITests" */;
			buildPhases = (
				F1F54F9E2A412D2E0061EBC8 /* Sources */,
				F1F54F9F2A412D2E0061EBC8 /* Frameworks */,
				F1F54FA02A412D2E0061EBC8 /* Resources */,
			);
			buildRules = (
			);
			dependencies = (
				F1F54FA42A412D2E0061EBC8 /* PBXTargetDependency */,
			);
			name = QuetzalBankUITests;
			productName = QuetzalBankUITests;
			productReference = F1F54FA22A412D2E0061EBC8 /* QuetzalBankUITests.xctest */;
			productType = "com.apple.product-type.bundle.ui-testing";
		};
/* End PBXNativeTarget section */

/* Begin PBXProject section */
		F1F54F802A412D2E0061EBC8 /* Project object */ = {
			isa = PBXProject;
			attributes = {
				BuildIndependentTargetsInParallel = 1;
				LastSwiftUpdateCheck = 1430;
				LastUpgradeCheck = 1430;
				TargetAttributes = {
					F1F54F872A412D2E0061EBC8 = {
						CreatedOnToolsVersion = 14.3.1;
					};
					F1F54F972A412D2E0061EBC8 = {
						CreatedOnToolsVersion = 14.3.1;
						TestTargetID = F1F54F872A412D2E0061EBC8;
					};
					F1F54FA12A412D2E0061EBC8 = {
						CreatedOnToolsVersion = 14.3.1;
						TestTargetID = F1F54F872A412D2E0061EBC8;
					};
				};
			};
			buildConfigurationList = F1F54F832A412D2E0061EBC8 /* Build configuration list for PBXProject "QuetzalBank" */;
			compatibilityVersion = "Xcode 14.0";
			developmentRegion = en;
			hasScannedForEncodings = 0;
			knownRegions = (
				en,
				Base,
			);
			mainGroup = F1F54F7F2A412D2E0061EBC8;
			productRefGroup = F1F54F892A412D2E0061EBC8 /* Products */;
			projectDirPath = "";
			projectRoot = "";
			targets = (
				F1F54F872A412D2E0061EBC8 /* QuetzalBank */,
				F1F54F972A412D2E0061EBC8 /* QuetzalBankTests */,
				F1F54FA12A412D2E0061EBC8 /* QuetzalBankUITests */,
			);
		};
/* End PBXProject section */

/* Begin PBXResourcesBuildPhase section */
		F1F54F862A412D2E0061EBC8 /* Resources */ = {
			isa = PBXResourcesBuildPhase;
			buildActionMask = 2147483647;
			files = (
				F1F54F932A412D2E0061EBC8 /* Preview Assets.xcassets in Resources */,
				F1F54F902A412D2E0061EBC8 /* Assets.xcassets in Resources */,
			);
			runOnlyForDeploymentPostprocessing = 0;
		};
		F1F54F962A412D2E0061EBC8 /* Resources */ = {
			isa = PBXResourcesBuildPhase;
			buildActionMask = 2147483647;
			files = (
			);
			runOnlyForDeploymentPostprocessing = 0;
		};
		F1F54FA02A412D2E0061EBC8 /* Resources */ = {
			isa = PBXResourcesBuildPhase;
			buildActionMask = 2147483647;
			files = (
			);
			runOnlyForDeploymentPostprocessing = 0;
		};
/* End PBXResourcesBuildPhase section */

/* Begin PBXSourcesBuildPhase section */
		F1F54F842A412D2E0061EBC8 /* Sources */ = {
			isa = PBXSourcesBuildPhase;
			buildActionMask = 2147483647;
			files = (
				F1F54F8E2A412D2E0061EBC8 /* ContentView.swift in Sources */,
				F1F54F8C2A412D2E0061EBC8 /* QuetzalBankApp.swift in Sources */,
			);
			runOnlyForDeploymentPostprocessing = 0;
		};
		F1F54F942A412D2E0061EBC8 /* Sources */ = {
			isa = PBXSourcesBuildPhase;
			buildActionMask = 2147483647;
			files = (
				F1F54F9D2A412D2E0061EBC8 /* QuetzalBankTests.swift in Sources */,
			);
			runOnlyForDeploymentPostprocessing = 0;
		};
		F1F54F9E2A412D2E0061EBC8 /* Sources */ = {
			isa = PBXSourcesBuildPhase;
			buildActionMask = 2147483647;
			files = (
				F1F54FA72A412D2E0061EBC8 /* QuetzalBankUITests.swift in Sources */,
				F1F54FA92A412D2E0061EBC8 /* QuetzalBankUITestsLaunchTests.swift in Sources */,
			);
			runOnlyForDeploymentPostprocessing = 0;
		};
/* End PBXSourcesBuildPhase section */

/* Begin PBXTargetDependency section */
		F1F54F9A2A412D2E0061EBC8 /* PBXTargetDependency */ = {
			isa = PBXTargetDependency;
			target = F1F54F872A412D2E0061EBC8 /* QuetzalBank */;
			targetProxy = F1F54F992A412D2E0061EBC8 /* PBXContainerItemProxy */;
		};
		F1F54FA42A412D2E0061EBC8 /* PBXTargetDependency */ = {
			isa = PBXTargetDependency;
			target = F1F54F872A412D2E0061EBC8 /* QuetzalBank */;
			targetProxy = F1F54FA32A412D2E0061EBC8 /* PBXContainerItemProxy */;
		};
/* End PBXTargetDependency section */

/* Begin XCBuildConfiguration section */
		F1F54FAA2A412D2E0061EBC8 /* Debug */ = {
			isa = XCBuildConfiguration;
			buildSettings = {
				ALWAYS_SEARCH_USER_PATHS = NO;
				CLANG_ANALYZER_NONNULL = YES;
				CLANG_ANALYZER_NUMBER_OBJECT_CONVERSION = YES_AGGRESSIVE;
				CLANG_CXX_LANGUAGE_STANDARD = "gnu++20";
				CLANG_ENABLE_MODULES = YES;
				CLANG_ENABLE_OBJC_ARC = YES;
				CLANG_ENABLE_OBJC_WEAK = YES;
				CLANG_WARN_BLOCK_CAPTURE_AUTORELEASING = YES;
				CLANG_WARN_BOOL_CONVERSION = YES;
				CLANG_WARN_COMMA = YES;
				CLANG_WARN_CONSTANT_CONVERSION = YES;
				CLANG_WARN_DEPRECATED_OBJC_IMPLEMENTATIONS = YES;
				CLANG_WARN_DIRECT_OBJC_ISA_USAGE = YES_ERROR;
				CLANG_WARN_DOCUMENTATION_COMMENTS = YES;
				CLANG_WARN_EMPTY_BODY = YES;
				CLANG_WARN_ENUM_CONVERSION = YES;
				CLANG_WARN_INFINITE_RECURSION = YES;
				CLANG_WARN_INT_CONVERSION = YES;
				CLANG_WARN_NON_LITERAL_NULL_CONVERSION = YES;
				CLANG_WARN_OBJC_IMPLICIT_RETAIN_SELF = YES;
				CLANG_WARN_OBJC_LITERAL_CONVERSION = YES;
				CLANG_WARN_OBJC_ROOT_CLASS = YES_ERROR;
				CLANG_WARN_QUOTED_INCLUDE_IN_FRAMEWORK_HEADER = YES;
				CLANG_WARN_RANGE_LOOP_ANALYSIS = YES;
				CLANG_WARN_STRICT_PROTOTYPES = YES;
				CLANG_WARN_SUSPICIOUS_MOVE = YES;
				CLANG_WARN_UNGUARDED_AVAILABILITY = YES_AGGRESSIVE;
				CLANG_WARN_UNREACHABLE_CODE = YES;
				CLANG_WARN__DUPLICATE_METHOD_MATCH = YES;
				COPY_PHASE_STRIP = NO;
				DEBUG_INFORMATION_FORMAT = dwarf;
				ENABLE_STRICT_OBJC_MSGSEND = YES;
				ENABLE_TESTABILITY = YES;
				GCC_C_LANGUAGE_STANDARD = gnu11;
				GCC_DYNAMIC_NO_PIC = NO;
				GCC_NO_COMMON_BLOCKS = YES;
				GCC_OPTIMIZATION_LEVEL = 0;
				GCC_PREPROCESSOR_DEFINITIONS = (
					"DEBUG=1",
					"$(inherited)",
				);
				GCC_WARN_64_TO_32_BIT_CONVERSION = YES;
				GCC_WARN_ABOUT_RETURN_TYPE = YES_ERROR;
				GCC_WARN_UNDECLARED_SELECTOR = YES;
				GCC_WARN_UNINITIALIZED_AUTOS = YES_AGGRESSIVE;
				GCC_WARN_UNUSED_FUNCTION = YES;
				GCC_WARN_UNUSED_VARIABLE = YES;
				IPHONEOS_DEPLOYMENT_TARGET = 16.4;
				MTL_ENABLE_DEBUG_INFO = INCLUDE_SOURCE;
				MTL_FAST_MATH = YES;
				ONLY_ACTIVE_ARCH = YES;
				SDKROOT = iphoneos;
				SWIFT_ACTIVE_COMPILATION_CONDITIONS = DEBUG;
				SWIFT_OPTIMIZATION_LEVEL = "-Onone";
			};
			name = Debug;
		};
		F1F54FAB2A412D2E0061EBC8 /* Release */ = {
			isa = XCBuildConfiguration;
			buildSettings = {
				ALWAYS_SEARCH_USER_PATHS = NO;
				CLANG_ANALYZER_NONNULL = YES;
				CLANG_ANALYZER_NUMBER_OBJECT_CONVERSION = YES_AGGRESSIVE;
				CLANG_CXX_LANGUAGE_STANDARD = "gnu++20";
				CLANG_ENABLE_MODULES = YES;
				CLANG_ENABLE_OBJC_ARC = YES;
				CLANG_ENABLE_OBJC_WEAK = YES;
				CLANG_WARN_BLOCK_CAPTURE_AUTORELEASING = YES;
				CLANG_WARN_BOOL_CONVERSION = YES;
				CLANG_WARN_COMMA = YES;
				CLANG_WARN_CONSTANT_CONVERSION = YES;
				CLANG_WARN_DEPRECATED_OBJC_IMPLEMENTATIONS = YES;
				CLANG_WARN_DIRECT_OBJC_ISA_USAGE = YES_ERROR;
				CLANG_WARN_DOCUMENTATION_COMMENTS = YES;
				CLANG_WARN_EMPTY_BODY = YES;
				CLANG_WARN_ENUM_CONVERSION = YES;
				CLANG_WARN_INFINITE_RECURSION = YES;
				CLANG_WARN_INT_CONVERSION = YES;
				CLANG_WARN_NON_LITERAL_NULL_CONVERSION = YES;
				CLANG_WARN_OBJC_IMPLICIT_RETAIN_SELF = YES;
				CLANG_WARN_OBJC_LITERAL_CONVERSION = YES;
				CLANG_WARN_OBJC_ROOT_CLASS = YES_ERROR;
				CLANG_WARN_QUOTED_INCLUDE_IN_FRAMEWORK_HEADER = YES;
				CLANG_WARN_RANGE_LOOP_ANALYSIS = YES;
				CLANG_WARN_STRICT_PROTOTYPES = YES;
				CLANG_WARN_SUSPICIOUS_MOVE = YES;
				CLANG_WARN_UNGUARDED_AVAILABILITY = YES_AGGRESSIVE;
				CLANG_WARN_UNREACHABLE_CODE = YES;
				CLANG_WARN__DUPLICATE_METHOD_MATCH = YES;
				COPY_PHASE_STRIP = NO;
				DEBUG_INFORMATION_FORMAT = "dwarf-with-dsym";
				ENABLE_NS_ASSERTIONS = NO;
				ENABLE_STRICT_OBJC_MSGSEND = YES;
				GCC_C_LANGUAGE_STANDARD = gnu11;
				GCC_NO_COMMON_BLOCKS = YES;
				GCC_WARN_64_TO_32_BIT_CONVERSION = YES;
				GCC_WARN_ABOUT_RETURN_TYPE = YES_ERROR;
				GCC_WARN_UNDECLARED_SELECTOR = YES;
				GCC_WARN_UNINITIALIZED_AUTOS = YES_AGGRESSIVE;
				GCC_WARN_UNUSED_FUNCTION = YES;
				GCC_WARN_UNUSED_VARIABLE = YES;
				IPHONEOS_DEPLOYMENT_TARGET = 16.4;
				MTL_ENABLE_DEBUG_INFO = NO;
				MTL_FAST_MATH = YES;
				SDKROOT = iphoneos;
				SWIFT_COMPILATION_MODE = wholemodule;
				SWIFT_OPTIMIZATION_LEVEL = "-O";
				VALIDATE_PRODUCT = YES;
			};
			name = Release;
		};
		F1F54FAD2A412D2E0061EBC8 /* Debug */ = {
			isa = XCBuildConfiguration;
			buildSettings = {
				ASSETCATALOG_COMPILER_APPICON_NAME = AppIcon;
				ASSETCATALOG_COMPILER_GLOBAL_ACCENT_COLOR_NAME = AccentColor;
				CODE_SIGN_STYLE = Automatic;
				CURRENT_PROJECT_VERSION = 1;
				DEVELOPMENT_ASSET_PATHS = "\"QuetzalBank/Preview Content\"";
				ENABLE_PREVIEWS = YES;
				GENERATE_INFOPLIST_FILE = YES;
				INFOPLIST_KEY_UIApplicationSceneManifest_Generation = YES;
				INFOPLIST_KEY_UIApplicationSupportsIndirectInputEvents = YES;
				INFOPLIST_KEY_UILaunchScreen_Generation = YES;
				INFOPLIST_KEY_UISupportedInterfaceOrientations_iPad = "UIInterfaceOrientationPortrait UIInterfaceOrientationPortraitUpsideDown UIInterfaceOrientationLandscapeLeft UIInterfaceOrientationLandscapeRight";
				INFOPLIST_KEY_UISupportedInterfaceOrientations_iPhone = "UIInterfaceOrientationPortrait UIInterfaceOrientationLandscapeLeft UIInterfaceOrientationLandscapeRight";
				LD_RUNPATH_SEARCH_PATHS = (
					"$(inherited)",
					"@executable_path/Frameworks",
				);
				MARKETING_VERSION = 1.0;
				PRODUCT_BUNDLE_IDENTIFIER = com.Quetzal.QuetzalBank;
				PRODUCT_NAME = "$(TARGET_NAME)";
				SWIFT_EMIT_LOC_STRINGS = YES;
				SWIFT_VERSION = 5.0;
				TARGETED_DEVICE_FAMILY = "1,2";
			};
			name = Debug;
		};
		F1F54FAE2A412D2E0061EBC8 /* Release */ = {
			isa = XCBuildConfiguration;
			buildSettings = {
				ASSETCATALOG_COMPILER_APPICON_NAME = AppIcon;
				ASSETCATALOG_COMPILER_GLOBAL_ACCENT_COLOR_NAME = AccentColor;
				CODE_SIGN_STYLE = Automatic;
				CURRENT_PROJECT_VERSION = 1;
				DEVELOPMENT_ASSET_PATHS = "\"QuetzalBank/Preview Content\"";
				ENABLE_PREVIEWS = YES;
				GENERATE_INFOPLIST_FILE = YES;
				INFOPLIST_KEY_UIApplicationSceneManifest_Generation = YES;
				INFOPLIST_KEY_UIApplicationSupportsIndirectInputEvents = YES;
				INFOPLIST_KEY_UILaunchScreen_Generation = YES;
				INFOPLIST_KEY_UISupportedInterfaceOrientations_iPad = "UIInterfaceOrientationPortrait UIInterfaceOrientationPortraitUpsideDown UIInterfaceOrientationLandscapeLeft UIInterfaceOrientationLandscapeRight";
				INFOPLIST_KEY_UISupportedInterfaceOrientations_iPhone = "UIInterfaceOrientationPortrait UIInterfaceOrientationLandscapeLeft UIInterfaceOrientationLandscapeRight";
				LD_RUNPATH_SEARCH_PATHS = (
					"$(inherited)",
					"@executable_path/Frameworks",
				);
				MARKETING_VERSION = 1.0;
				PRODUCT_BUNDLE_IDENTIFIER = com.Quetzal.QuetzalBank;
				PRODUCT_NAME = "$(TARGET_NAME)";
				SWIFT_EMIT_LOC_STRINGS = YES;
				SWIFT_VERSION = 5.0;
				TARGETED_DEVICE_FAMILY = "1,2";
			};
			name = Release;
		};
		F1F54FB02A412D2E0061EBC8 /* Debug */ = {
			isa = XCBuildConfiguration;
			buildSettings = {
				ALWAYS_EMBED_SWIFT_STANDARD_LIBRARIES = YES;
				BUNDLE_LOADER = "$(TEST_HOST)";
				CODE_SIGN_STYLE = Automatic;
				CURRENT_PROJECT_VERSION = 1;
				GENERATE_INFOPLIST_FILE = YES;
				IPHONEOS_DEPLOYMENT_TARGET = 16.4;
				MARKETING_VERSION = 1.0;
				PRODUCT_BUNDLE_IDENTIFIER = com.Quetzal.QuetzalBankTests;
				PRODUCT_NAME = "$(TARGET_NAME)";
				SWIFT_EMIT_LOC_STRINGS = NO;
				SWIFT_VERSION = 5.0;
				TARGETED_DEVICE_FAMILY = "1,2";
				TEST_HOST = "$(BUILT_PRODUCTS_DIR)/QuetzalBank.app/$(BUNDLE_EXECUTABLE_FOLDER_PATH)/QuetzalBank";
			};
			name = Debug;
		};
		F1F54FB12A412D2E0061EBC8 /* Release */ = {
			isa = XCBuildConfiguration;
			buildSettings = {
				ALWAYS_EMBED_SWIFT_STANDARD_LIBRARIES = YES;
				BUNDLE_LOADER = "$(TEST_HOST)";
				CODE_SIGN_STYLE = Automatic;
				CURRENT_PROJECT_VERSION = 1;
				GENERATE_INFOPLIST_FILE = YES;
				IPHONEOS_DEPLOYMENT_TARGET = 16.4;
				MARKETING_VERSION = 1.0;
				PRODUCT_BUNDLE_IDENTIFIER = com.Quetzal.QuetzalBankTests;
				PRODUCT_NAME = "$(TARGET_NAME)";
				SWIFT_EMIT_LOC_STRINGS = NO;
				SWIFT_VERSION = 5.0;
				TARGETED_DEVICE_FAMILY = "1,2";
				TEST_HOST = "$(BUILT_PRODUCTS_DIR)/QuetzalBank.app/$(BUNDLE_EXECUTABLE_FOLDER_PATH)/QuetzalBank";
			};
			name = Release;
		};
		F1F54FB32A412D2E0061EBC8 /* Debug */ = {
			isa = XCBuildConfiguration;
			buildSettings = {
				ALWAYS_EMBED_SWIFT_STANDARD_LIBRARIES = YES;
				CODE_SIGN_STYLE = Automatic;
				CURRENT_PROJECT_VERSION = 1;
				GENERATE_INFOPLIST_FILE = YES;
				MARKETING_VERSION = 1.0;
				PRODUCT_BUNDLE_IDENTIFIER = com.Quetzal.QuetzalBankUITests;
				PRODUCT_NAME = "$(TARGET_NAME)";
				SWIFT_EMIT_LOC_STRINGS = NO;
				SWIFT_VERSION = 5.0;
				TARGETED_DEVICE_FAMILY = "1,2";
				TEST_TARGET_NAME = QuetzalBank;
			};
			name = Debug;
		};
		F1F54FB42A412D2E0061EBC8 /* Release */ = {
			isa = XCBuildConfiguration;
			buildSettings = {
				ALWAYS_EMBED_SWIFT_STANDARD_LIBRARIES = YES;
				CODE_SIGN_STYLE = Automatic;
				CURRENT_PROJECT_VERSION = 1;
				GENERATE_INFOPLIST_FILE = YES;
				MARKETING_VERSION = 1.0;
				PRODUCT_BUNDLE_IDENTIFIER = com.Quetzal.QuetzalBankUITests;
				PRODUCT_NAME = "$(TARGET_NAME)";
				SWIFT_EMIT_LOC_STRINGS = NO;
				SWIFT_VERSION = 5.0;
				TARGETED_DEVICE_FAMILY = "1,2";
				TEST_TARGET_NAME = QuetzalBank;
			};
			name = Release;
		};
/* End XCBuildConfiguration section */

/* Begin XCConfigurationList section */
		F1F54F832A412D2E0061EBC8 /* Build configuration list for PBXProject "QuetzalBank" */ = {
			isa = XCConfigurationList;
			buildConfigurations = (
				F1F54FAA2A412D2E0061EBC8 /* Debug */,
				F1F54FAB2A412D2E0061EBC8 /* Release */,
			);
			defaultConfigurationIsVisible = 0;
			defaultConfigurationName = Release;
		};
		F1F54FAC2A412D2E0061EBC8 /* Build configuration list for PBXNativeTarget "QuetzalBank" */ = {
			isa = XCConfigurationList;
			buildConfigurations = (
				F1F54FAD2A412D2E0061EBC8 /* Debug */,
				F1F54FAE2A412D2E0061EBC8 /* Release */,
			);
			defaultConfigurationIsVisible = 0;
			defaultConfigurationName = Release;
		};
		F1F54FAF2A412D2E0061EBC8 /* Build configuration list for PBXNativeTarget "QuetzalBankTests" */ = {
			isa = XCConfigurationList;
			buildConfigurations = (
				F1F54FB02A412D2E0061EBC8 /* Debug */,
				F1F54FB12A412D2E0061EBC8 /* Release */,
			);
			defaultConfigurationIsVisible = 0;
			defaultConfigurationName = Release;
		};
		F1F54FB22A412D2E0061EBC8 /* Build configuration list for PBXNativeTarget "QuetzalBankUITests" */ = {
			isa = XCConfigurationList;
			buildConfigurations = (
				F1F54FB32A412D2E0061EBC8 /* Debug */,
				F1F54FB42A412D2E0061EBC8 /* Release */,
			);
			defaultConfigurationIsVisible = 0;
			defaultConfigurationName = Release;
		};
/* End XCConfigurationList section */
	};
	rootObject = F1F54F802A412D2E0061EBC8 /* Project object */;
}
