// !$*UTF8*$!
{
	archiveVersion = 1;
	classes = {
	};
	objectVersion = 56;
	objects = {

/* Begin PBXBuildFile section */
		F1004DBA2A57A59E00ACCC69 /* AccountModel.swift in Sources */ = {isa = PBXBuildFile; fileRef = F1004DB92A57A59E00ACCC69 /* AccountModel.swift */; };
		F1004DBC2A57A5D300ACCC69 /* CardModel.swift in Sources */ = {isa = PBXBuildFile; fileRef = F1004DBB2A57A5D300ACCC69 /* CardModel.swift */; };
		F110251C2A5738CF002E9163 /* MainButton.swift in Sources */ = {isa = PBXBuildFile; fileRef = F110251B2A5738CF002E9163 /* MainButton.swift */; };
		F110251E2A573A26002E9163 /* QColor.swift in Sources */ = {isa = PBXBuildFile; fileRef = F110251D2A573A26002E9163 /* QColor.swift */; };
		F15E9E4A2A54E9FC0094AA72 /* CustomTextField.swift in Sources */ = {isa = PBXBuildFile; fileRef = F15E9E492A54E9FC0094AA72 /* CustomTextField.swift */; };
		F169FD9A2A5393E00076EFFE /* LoginView.swift in Sources */ = {isa = PBXBuildFile; fileRef = F169FD992A5393E00076EFFE /* LoginView.swift */; };
		F169FD9C2A5395050076EFFE /* UserLogInRequest.swift in Sources */ = {isa = PBXBuildFile; fileRef = F169FD9B2A5395050076EFFE /* UserLogInRequest.swift */; };
		F170E2292A577CDD00639900 /* SecondaryButton.swift in Sources */ = {isa = PBXBuildFile; fileRef = F170E2282A577CDD00639900 /* SecondaryButton.swift */; };
		F170E22B2A5792FF00639900 /* TextFieldStyle.swift in Sources */ = {isa = PBXBuildFile; fileRef = F170E22A2A5792FE00639900 /* TextFieldStyle.swift */; };
		F1724F012A5A4939003794B5 /* AuthService.swift in Sources */ = {isa = PBXBuildFile; fileRef = F1724F002A5A4939003794B5 /* AuthService.swift */; };
		F1724F032A5A4A76003794B5 /* RegisterViewModel.swift in Sources */ = {isa = PBXBuildFile; fileRef = F1724F022A5A4A76003794B5 /* RegisterViewModel.swift */; };
		F183424C2A6607EF00013F3A /* UserUpdateRequest.swift in Sources */ = {isa = PBXBuildFile; fileRef = F183424B2A6607EF00013F3A /* UserUpdateRequest.swift */; };
		F183424E2A66092500013F3A /* UserUpdateResponse.swift in Sources */ = {isa = PBXBuildFile; fileRef = F183424D2A66092500013F3A /* UserUpdateResponse.swift */; };
		F18342502A66128800013F3A /* ProfileViewModel.swift in Sources */ = {isa = PBXBuildFile; fileRef = F183424F2A66128800013F3A /* ProfileViewModel.swift */; };
		F1A62AF42A5DBDAE004BBE1F /* MovementModel.swift in Sources */ = {isa = PBXBuildFile; fileRef = F1A62AF32A5DBDAE004BBE1F /* MovementModel.swift */; };
		F1A62AF62A5DBDB7004BBE1F /* TransferRequest.swift in Sources */ = {isa = PBXBuildFile; fileRef = F1A62AF52A5DBDB7004BBE1F /* TransferRequest.swift */; };
		F1A62AF82A5DC862004BBE1F /* MovementsView.swift in Sources */ = {isa = PBXBuildFile; fileRef = F1A62AF72A5DC862004BBE1F /* MovementsView.swift */; };
		F1A62F032A5761DA009887CF /* Nunito-SemiBold.ttf in Resources */ = {isa = PBXBuildFile; fileRef = F1A62F012A5761DA009887CF /* Nunito-SemiBold.ttf */; };
		F1A62F042A5761DA009887CF /* Nunito-Regular.ttf in Resources */ = {isa = PBXBuildFile; fileRef = F1A62F022A5761DA009887CF /* Nunito-Regular.ttf */; };
		F1A62F072A5763AE009887CF /* Fonts.swift in Sources */ = {isa = PBXBuildFile; fileRef = F1A62F062A5763AE009887CF /* Fonts.swift */; };
		F1A62F092A5772F5009887CF /* GradientButton.swift in Sources */ = {isa = PBXBuildFile; fileRef = F1A62F082A5772F5009887CF /* GradientButton.swift */; };
		F1B224B42A589A0100F4C4FA /* ToggleStyle.swift in Sources */ = {isa = PBXBuildFile; fileRef = F1B224B32A589A0100F4C4FA /* ToggleStyle.swift */; };
		F1B224B62A58AB3B00F4C4FA /* DashboardView.swift in Sources */ = {isa = PBXBuildFile; fileRef = F1B224B52A58AB3B00F4C4FA /* DashboardView.swift */; };
		F1B224B82A58AB7500F4C4FA /* IconButon.swift in Sources */ = {isa = PBXBuildFile; fileRef = F1B224B72A58AB7500F4C4FA /* IconButon.swift */; };
		F1D747DD2A5DCE4F00C5ED90 /* MovementsViewModel.swift in Sources */ = {isa = PBXBuildFile; fileRef = F1D747DC2A5DCE4F00C5ED90 /* MovementsViewModel.swift */; };
		F1E34AC52A57227E00B98581 /* TransferView.swift in Sources */ = {isa = PBXBuildFile; fileRef = F1E34AC42A57227E00B98581 /* TransferView.swift */; };
		F1E34AC92A57229A00B98581 /* ProfileView.swift in Sources */ = {isa = PBXBuildFile; fileRef = F1E34AC82A57229A00B98581 /* ProfileView.swift */; };
		F1E34ACB2A5722A900B98581 /* ReceiveView.swift in Sources */ = {isa = PBXBuildFile; fileRef = F1E34ACA2A5722A900B98581 /* ReceiveView.swift */; };
		F1E34ACD2A572B6A00B98581 /* UserSession.swift in Sources */ = {isa = PBXBuildFile; fileRef = F1E34ACC2A572B6A00B98581 /* UserSession.swift */; };
		F1E39B532A4362F60062F56E /* APIResponse.swift in Sources */ = {isa = PBXBuildFile; fileRef = F1E39B522A4362F60062F56E /* APIResponse.swift */; };
		F1E39B552A43668F0062F56E /* UserRegisterRequest.swift in Sources */ = {isa = PBXBuildFile; fileRef = F1E39B542A43668F0062F56E /* UserRegisterRequest.swift */; };
		F1F54F8C2A412D2E0061EBC8 /* QuetzalBankApp.swift in Sources */ = {isa = PBXBuildFile; fileRef = F1F54F8B2A412D2E0061EBC8 /* QuetzalBankApp.swift */; };
		F1F54F8E2A412D2E0061EBC8 /* ContentView.swift in Sources */ = {isa = PBXBuildFile; fileRef = F1F54F8D2A412D2E0061EBC8 /* ContentView.swift */; };
		F1F54F902A412D2E0061EBC8 /* Assets.xcassets in Resources */ = {isa = PBXBuildFile; fileRef = F1F54F8F2A412D2E0061EBC8 /* Assets.xcassets */; };
		F1F54F932A412D2E0061EBC8 /* Preview Assets.xcassets in Resources */ = {isa = PBXBuildFile; fileRef = F1F54F922A412D2E0061EBC8 /* Preview Assets.xcassets */; };
		F1F54F9D2A412D2E0061EBC8 /* QuetzalBankTests.swift in Sources */ = {isa = PBXBuildFile; fileRef = F1F54F9C2A412D2E0061EBC8 /* QuetzalBankTests.swift */; };
		F1F54FA72A412D2E0061EBC8 /* QuetzalBankUITests.swift in Sources */ = {isa = PBXBuildFile; fileRef = F1F54FA62A412D2E0061EBC8 /* QuetzalBankUITests.swift */; };
		F1F54FA92A412D2E0061EBC8 /* QuetzalBankUITestsLaunchTests.swift in Sources */ = {isa = PBXBuildFile; fileRef = F1F54FA82A412D2E0061EBC8 /* QuetzalBankUITestsLaunchTests.swift */; };
		F1F54FBA2A4133D30061EBC8 /* BankService.swift in Sources */ = {isa = PBXBuildFile; fileRef = F1F54FB92A4133D30061EBC8 /* BankService.swift */; };
		F1F54FBD2A4134CC0061EBC8 /* APIConfig.swift in Sources */ = {isa = PBXBuildFile; fileRef = F1F54FBC2A4134CC0061EBC8 /* APIConfig.swift */; };
		F1F54FC22A4136040061EBC8 /* BankModel.swift in Sources */ = {isa = PBXBuildFile; fileRef = F1F54FC12A4136040061EBC8 /* BankModel.swift */; };
		F1F54FC42A4137470061EBC8 /* BankViewModel.swift in Sources */ = {isa = PBXBuildFile; fileRef = F1F54FC32A4137470061EBC8 /* BankViewModel.swift */; };
		F1F54FC62A4138030061EBC8 /* BankView.swift in Sources */ = {isa = PBXBuildFile; fileRef = F1F54FC52A4138030061EBC8 /* BankView.swift */; };
		F1F54FC82A4139350061EBC8 /* AccountService.swift in Sources */ = {isa = PBXBuildFile; fileRef = F1F54FC72A4139350061EBC8 /* AccountService.swift */; };
		F1F54FCA2A413B140061EBC8 /* UserModel.swift in Sources */ = {isa = PBXBuildFile; fileRef = F1F54FC92A413B140061EBC8 /* UserModel.swift */; };
		F1F54FCE2A413BF80061EBC8 /* LoginViewModel.swift in Sources */ = {isa = PBXBuildFile; fileRef = F1F54FCD2A413BF80061EBC8 /* LoginViewModel.swift */; };
		F1F54FD02A413C840061EBC8 /* RegisterView.swift in Sources */ = {isa = PBXBuildFile; fileRef = F1F54FCF2A413C840061EBC8 /* RegisterView.swift */; };
		F1F76B132A5EEFB400B74C35 /* TransferResponse.swift in Sources */ = {isa = PBXBuildFile; fileRef = F1F76B122A5EEFB400B74C35 /* TransferResponse.swift */; };
		F1F76B152A5EF27600B74C35 /* TransferViewModel.swift in Sources */ = {isa = PBXBuildFile; fileRef = F1F76B142A5EF27600B74C35 /* TransferViewModel.swift */; };
		F1F76B172A5F112800B74C35 /* Utils.swift in Sources */ = {isa = PBXBuildFile; fileRef = F1F76B162A5F112800B74C35 /* Utils.swift */; };
/* End PBXBuildFile section */

/* Begin PBXContainerItemProxy section */
		F1F54F992A412D2E0061EBC8 /* PBXContainerItemProxy */ = {
			isa = PBXContainerItemProxy;
			containerPortal = F1F54F802A412D2E0061EBC8 /* Project object */;
			proxyType = 1;
			remoteGlobalIDString = F1F54F872A412D2E0061EBC8;
			remoteInfo = QuetzalBank;
		};
		F1F54FA32A412D2E0061EBC8 /* PBXContainerItemProxy */ = {
			isa = PBXContainerItemProxy;
			containerPortal = F1F54F802A412D2E0061EBC8 /* Project object */;
			proxyType = 1;
			remoteGlobalIDString = F1F54F872A412D2E0061EBC8;
			remoteInfo = QuetzalBank;
		};
/* End PBXContainerItemProxy section */

/* Begin PBXFileReference section */
		F1004DB92A57A59E00ACCC69 /* AccountModel.swift */ = {isa = PBXFileReference; lastKnownFileType = sourcecode.swift; path = AccountModel.swift; sourceTree = "<group>"; };
		F1004DBB2A57A5D300ACCC69 /* CardModel.swift */ = {isa = PBXFileReference; lastKnownFileType = sourcecode.swift; path = CardModel.swift; sourceTree = "<group>"; };
		F110251B2A5738CF002E9163 /* MainButton.swift */ = {isa = PBXFileReference; lastKnownFileType = sourcecode.swift; path = MainButton.swift; sourceTree = "<group>"; };
		F110251D2A573A26002E9163 /* QColor.swift */ = {isa = PBXFileReference; lastKnownFileType = sourcecode.swift; path = QColor.swift; sourceTree = "<group>"; };
		F15E9E492A54E9FC0094AA72 /* CustomTextField.swift */ = {isa = PBXFileReference; lastKnownFileType = sourcecode.swift; path = CustomTextField.swift; sourceTree = "<group>"; };
		F169FD992A5393E00076EFFE /* LoginView.swift */ = {isa = PBXFileReference; lastKnownFileType = sourcecode.swift; path = LoginView.swift; sourceTree = "<group>"; };
		F169FD9B2A5395050076EFFE /* UserLogInRequest.swift */ = {isa = PBXFileReference; lastKnownFileType = sourcecode.swift; path = UserLogInRequest.swift; sourceTree = "<group>"; };
		F170E2282A577CDD00639900 /* SecondaryButton.swift */ = {isa = PBXFileReference; lastKnownFileType = sourcecode.swift; path = SecondaryButton.swift; sourceTree = "<group>"; };
		F170E22A2A5792FE00639900 /* TextFieldStyle.swift */ = {isa = PBXFileReference; lastKnownFileType = sourcecode.swift; path = TextFieldStyle.swift; sourceTree = "<group>"; };
		F1724F002A5A4939003794B5 /* AuthService.swift */ = {isa = PBXFileReference; lastKnownFileType = sourcecode.swift; path = AuthService.swift; sourceTree = "<group>"; };
		F1724F022A5A4A76003794B5 /* RegisterViewModel.swift */ = {isa = PBXFileReference; lastKnownFileType = sourcecode.swift; path = RegisterViewModel.swift; sourceTree = "<group>"; };
		F183424B2A6607EF00013F3A /* UserUpdateRequest.swift */ = {isa = PBXFileReference; lastKnownFileType = sourcecode.swift; path = UserUpdateRequest.swift; sourceTree = "<group>"; };
		F183424D2A66092500013F3A /* UserUpdateResponse.swift */ = {isa = PBXFileReference; lastKnownFileType = sourcecode.swift; path = UserUpdateResponse.swift; sourceTree = "<group>"; };
		F183424F2A66128800013F3A /* ProfileViewModel.swift */ = {isa = PBXFileReference; lastKnownFileType = sourcecode.swift; path = ProfileViewModel.swift; sourceTree = "<group>"; };
		F1A62AF32A5DBDAE004BBE1F /* MovementModel.swift */ = {isa = PBXFileReference; lastKnownFileType = sourcecode.swift; path = MovementModel.swift; sourceTree = "<group>"; };
		F1A62AF52A5DBDB7004BBE1F /* TransferRequest.swift */ = {isa = PBXFileReference; lastKnownFileType = sourcecode.swift; path = TransferRequest.swift; sourceTree = "<group>"; };
		F1A62AF72A5DC862004BBE1F /* MovementsView.swift */ = {isa = PBXFileReference; lastKnownFileType = sourcecode.swift; name = MovementsView.swift; path = ../../ViewModels/MovementsView.swift; sourceTree = "<group>"; };
		F1A62F012A5761DA009887CF /* Nunito-SemiBold.ttf */ = {isa = PBXFileReference; lastKnownFileType = file; path = "Nunito-SemiBold.ttf"; sourceTree = "<group>"; };
		F1A62F022A5761DA009887CF /* Nunito-Regular.ttf */ = {isa = PBXFileReference; lastKnownFileType = file; path = "Nunito-Regular.ttf"; sourceTree = "<group>"; };
		F1A62F052A5762E1009887CF /* Info.plist */ = {isa = PBXFileReference; lastKnownFileType = text.plist; path = Info.plist; sourceTree = "<group>"; };
		F1A62F062A5763AE009887CF /* Fonts.swift */ = {isa = PBXFileReference; lastKnownFileType = sourcecode.swift; path = Fonts.swift; sourceTree = "<group>"; };
		F1A62F082A5772F5009887CF /* GradientButton.swift */ = {isa = PBXFileReference; lastKnownFileType = sourcecode.swift; path = GradientButton.swift; sourceTree = "<group>"; };
		F1B224B32A589A0100F4C4FA /* ToggleStyle.swift */ = {isa = PBXFileReference; lastKnownFileType = sourcecode.swift; path = ToggleStyle.swift; sourceTree = "<group>"; };
		F1B224B52A58AB3B00F4C4FA /* DashboardView.swift */ = {isa = PBXFileReference; lastKnownFileType = sourcecode.swift; path = DashboardView.swift; sourceTree = "<group>"; };
		F1B224B72A58AB7500F4C4FA /* IconButon.swift */ = {isa = PBXFileReference; lastKnownFileType = sourcecode.swift; path = IconButon.swift; sourceTree = "<group>"; };
		F1D747DC2A5DCE4F00C5ED90 /* MovementsViewModel.swift */ = {isa = PBXFileReference; lastKnownFileType = sourcecode.swift; path = MovementsViewModel.swift; sourceTree = "<group>"; };
		F1E34AC42A57227E00B98581 /* TransferView.swift */ = {isa = PBXFileReference; lastKnownFileType = sourcecode.swift; path = TransferView.swift; sourceTree = "<group>"; };
		F1E34AC82A57229A00B98581 /* ProfileView.swift */ = {isa = PBXFileReference; lastKnownFileType = sourcecode.swift; path = ProfileView.swift; sourceTree = "<group>"; };
		F1E34ACA2A5722A900B98581 /* ReceiveView.swift */ = {isa = PBXFileReference; lastKnownFileType = sourcecode.swift; path = ReceiveView.swift; sourceTree = "<group>"; };
		F1E34ACC2A572B6A00B98581 /* UserSession.swift */ = {isa = PBXFileReference; lastKnownFileType = sourcecode.swift; path = UserSession.swift; sourceTree = "<group>"; };
		F1E39B522A4362F60062F56E /* APIResponse.swift */ = {isa = PBXFileReference; lastKnownFileType = sourcecode.swift; path = APIResponse.swift; sourceTree = "<group>"; };
		F1E39B542A43668F0062F56E /* UserRegisterRequest.swift */ = {isa = PBXFileReference; lastKnownFileType = sourcecode.swift; path = UserRegisterRequest.swift; sourceTree = "<group>"; };
		F1F54F882A412D2E0061EBC8 /* QuetzalBank.app */ = {isa = PBXFileReference; explicitFileType = wrapper.application; includeInIndex = 0; path = QuetzalBank.app; sourceTree = BUILT_PRODUCTS_DIR; };
		F1F54F8B2A412D2E0061EBC8 /* QuetzalBankApp.swift */ = {isa = PBXFileReference; lastKnownFileType = sourcecode.swift; path = QuetzalBankApp.swift; sourceTree = "<group>"; };
		F1F54F8D2A412D2E0061EBC8 /* ContentView.swift */ = {isa = PBXFileReference; lastKnownFileType = sourcecode.swift; path = ContentView.swift; sourceTree = "<group>"; };
		F1F54F8F2A412D2E0061EBC8 /* Assets.xcassets */ = {isa = PBXFileReference; lastKnownFileType = folder.assetcatalog; path = Assets.xcassets; sourceTree = "<group>"; };
		F1F54F922A412D2E0061EBC8 /* Preview Assets.xcassets */ = {isa = PBXFileReference; lastKnownFileType = folder.assetcatalog; path = "Preview Assets.xcassets"; sourceTree = "<group>"; };
		F1F54F982A412D2E0061EBC8 /* QuetzalBankTests.xctest */ = {isa = PBXFileReference; explicitFileType = wrapper.cfbundle; includeInIndex = 0; path = QuetzalBankTests.xctest; sourceTree = BUILT_PRODUCTS_DIR; };
		F1F54F9C2A412D2E0061EBC8 /* QuetzalBankTests.swift */ = {isa = PBXFileReference; lastKnownFileType = sourcecode.swift; path = QuetzalBankTests.swift; sourceTree = "<group>"; };
		F1F54FA22A412D2E0061EBC8 /* QuetzalBankUITests.xctest */ = {isa = PBXFileReference; explicitFileType = wrapper.cfbundle; includeInIndex = 0; path = QuetzalBankUITests.xctest; sourceTree = BUILT_PRODUCTS_DIR; };
		F1F54FA62A412D2E0061EBC8 /* QuetzalBankUITests.swift */ = {isa = PBXFileReference; lastKnownFileType = sourcecode.swift; path = QuetzalBankUITests.swift; sourceTree = "<group>"; };
		F1F54FA82A412D2E0061EBC8 /* QuetzalBankUITestsLaunchTests.swift */ = {isa = PBXFileReference; lastKnownFileType = sourcecode.swift; path = QuetzalBankUITestsLaunchTests.swift; sourceTree = "<group>"; };
		F1F54FB92A4133D30061EBC8 /* BankService.swift */ = {isa = PBXFileReference; lastKnownFileType = sourcecode.swift; path = BankService.swift; sourceTree = "<group>"; };
		F1F54FBC2A4134CC0061EBC8 /* APIConfig.swift */ = {isa = PBXFileReference; lastKnownFileType = sourcecode.swift; path = APIConfig.swift; sourceTree = "<group>"; };
		F1F54FC12A4136040061EBC8 /* BankModel.swift */ = {isa = PBXFileReference; lastKnownFileType = sourcecode.swift; path = BankModel.swift; sourceTree = "<group>"; };
		F1F54FC32A4137470061EBC8 /* BankViewModel.swift */ = {isa = PBXFileReference; lastKnownFileType = sourcecode.swift; path = BankViewModel.swift; sourceTree = "<group>"; };
		F1F54FC52A4138030061EBC8 /* BankView.swift */ = {isa = PBXFileReference; lastKnownFileType = sourcecode.swift; path = BankView.swift; sourceTree = "<group>"; };
		F1F54FC72A4139350061EBC8 /* AccountService.swift */ = {isa = PBXFileReference; lastKnownFileType = sourcecode.swift; path = AccountService.swift; sourceTree = "<group>"; };
		F1F54FC92A413B140061EBC8 /* UserModel.swift */ = {isa = PBXFileReference; lastKnownFileType = sourcecode.swift; path = UserModel.swift; sourceTree = "<group>"; };
		F1F54FCD2A413BF80061EBC8 /* LoginViewModel.swift */ = {isa = PBXFileReference; lastKnownFileType = sourcecode.swift; path = LoginViewModel.swift; sourceTree = "<group>"; };
		F1F54FCF2A413C840061EBC8 /* RegisterView.swift */ = {isa = PBXFileReference; lastKnownFileType = sourcecode.swift; path = RegisterView.swift; sourceTree = "<group>"; };
		F1F76B122A5EEFB400B74C35 /* TransferResponse.swift */ = {isa = PBXFileReference; lastKnownFileType = sourcecode.swift; path = TransferResponse.swift; sourceTree = "<group>"; };
		F1F76B142A5EF27600B74C35 /* TransferViewModel.swift */ = {isa = PBXFileReference; lastKnownFileType = sourcecode.swift; path = TransferViewModel.swift; sourceTree = "<group>"; };
		F1F76B162A5F112800B74C35 /* Utils.swift */ = {isa = PBXFileReference; lastKnownFileType = sourcecode.swift; path = Utils.swift; sourceTree = "<group>"; };
/* End PBXFileReference section */

/* Begin PBXFrameworksBuildPhase section */
		F1F54F852A412D2E0061EBC8 /* Frameworks */ = {
			isa = PBXFrameworksBuildPhase;
			buildActionMask = 2147483647;
			files = (
			);
			runOnlyForDeploymentPostprocessing = 0;
		};
		F1F54F952A412D2E0061EBC8 /* Frameworks */ = {
			isa = PBXFrameworksBuildPhase;
			buildActionMask = 2147483647;
			files = (
			);
			runOnlyForDeploymentPostprocessing = 0;
		};
		F1F54F9F2A412D2E0061EBC8 /* Frameworks */ = {
			isa = PBXFrameworksBuildPhase;
			buildActionMask = 2147483647;
			files = (
			);
			runOnlyForDeploymentPostprocessing = 0;
		};
/* End PBXFrameworksBuildPhase section */

/* Begin PBXGroup section */
		F11025182A5737F7002E9163 /* Styles */ = {
			isa = PBXGroup;
			children = (
				F110251B2A5738CF002E9163 /* MainButton.swift */,
				F1A62F082A5772F5009887CF /* GradientButton.swift */,
				F170E2282A577CDD00639900 /* SecondaryButton.swift */,
				F170E22A2A5792FE00639900 /* TextFieldStyle.swift */,
				F1B224B32A589A0100F4C4FA /* ToggleStyle.swift */,
				F1B224B72A58AB7500F4C4FA /* IconButon.swift */,
			);
			path = Styles;
			sourceTree = "<group>";
		};
		F15E9E472A54E9D50094AA72 /* Screen */ = {
			isa = PBXGroup;
			children = (
				F1A62AF72A5DC862004BBE1F /* MovementsView.swift */,
				F1F54FC52A4138030061EBC8 /* BankView.swift */,
				F1F54FCF2A413C840061EBC8 /* RegisterView.swift */,
				F169FD992A5393E00076EFFE /* LoginView.swift */,
				F1E34AC42A57227E00B98581 /* TransferView.swift */,
				F1E34AC82A57229A00B98581 /* ProfileView.swift */,
				F1E34ACA2A5722A900B98581 /* ReceiveView.swift */,
				F1B224B52A58AB3B00F4C4FA /* DashboardView.swift */,
			);
			path = Screen;
			sourceTree = "<group>";
		};
		F15E9E482A54E9E40094AA72 /* Shared */ = {
			isa = PBXGroup;
			children = (
				F15E9E492A54E9FC0094AA72 /* CustomTextField.swift */,
			);
			path = Shared;
			sourceTree = "<group>";
		};
		F1A62AF22A5DBD9E004BBE1F /* Transferences */ = {
			isa = PBXGroup;
			children = (
				F1A62AF32A5DBDAE004BBE1F /* MovementModel.swift */,
				F1A62AF52A5DBDB7004BBE1F /* TransferRequest.swift */,
				F1F76B122A5EEFB400B74C35 /* TransferResponse.swift */,
			);
			path = Transferences;
			sourceTree = "<group>";
		};
		F1A62EFE2A57600B009887CF /* Fonts */ = {
			isa = PBXGroup;
			children = (
				F1A62F022A5761DA009887CF /* Nunito-Regular.ttf */,
				F1A62F012A5761DA009887CF /* Nunito-SemiBold.ttf */,
			);
			path = Fonts;
			sourceTree = "<group>";
		};
		F1E39B512A4362480062F56E /* User */ = {
			isa = PBXGroup;
			children = (
				F1F54FC92A413B140061EBC8 /* UserModel.swift */,
				F1E39B542A43668F0062F56E /* UserRegisterRequest.swift */,
				F169FD9B2A5395050076EFFE /* UserLogInRequest.swift */,
				F183424B2A6607EF00013F3A /* UserUpdateRequest.swift */,
				F183424D2A66092500013F3A /* UserUpdateResponse.swift */,
			);
			path = User;
			sourceTree = "<group>";
		};
		F1F54F7F2A412D2E0061EBC8 = {
			isa = PBXGroup;
			children = (
				F1F54F8A2A412D2E0061EBC8 /* QuetzalBank */,
				F1F54F9B2A412D2E0061EBC8 /* QuetzalBankTests */,
				F1F54FA52A412D2E0061EBC8 /* QuetzalBankUITests */,
				F1F54F892A412D2E0061EBC8 /* Products */,
			);
			sourceTree = "<group>";
		};
		F1F54F892A412D2E0061EBC8 /* Products */ = {
			isa = PBXGroup;
			children = (
				F1F54F882A412D2E0061EBC8 /* QuetzalBank.app */,
				F1F54F982A412D2E0061EBC8 /* QuetzalBankTests.xctest */,
				F1F54FA22A412D2E0061EBC8 /* QuetzalBankUITests.xctest */,
			);
			name = Products;
			sourceTree = "<group>";
		};
		F1F54F8A2A412D2E0061EBC8 /* QuetzalBank */ = {
			isa = PBXGroup;
			children = (
				F1A62F052A5762E1009887CF /* Info.plist */,
				F1F54FBB2A4134BB0061EBC8 /* Common */,
				F1F54FB82A4133960061EBC8 /* Services */,
				F1F54FB72A41338A0061EBC8 /* ViewModels */,
				F1F54FB62A4133840061EBC8 /* Views */,
				F1F54FB52A4133770061EBC8 /* Models */,
				F1F54F8B2A412D2E0061EBC8 /* QuetzalBankApp.swift */,
				F1F54F8D2A412D2E0061EBC8 /* ContentView.swift */,
				F1F54F8F2A412D2E0061EBC8 /* Assets.xcassets */,
				F1F54F912A412D2E0061EBC8 /* Preview Content */,
			);
			path = QuetzalBank;
			sourceTree = "<group>";
		};
		F1F54F912A412D2E0061EBC8 /* Preview Content */ = {
			isa = PBXGroup;
			children = (
				F1F54F922A412D2E0061EBC8 /* Preview Assets.xcassets */,
			);
			path = "Preview Content";
			sourceTree = "<group>";
		};
		F1F54F9B2A412D2E0061EBC8 /* QuetzalBankTests */ = {
			isa = PBXGroup;
			children = (
				F1F54F9C2A412D2E0061EBC8 /* QuetzalBankTests.swift */,
			);
			path = QuetzalBankTests;
			sourceTree = "<group>";
		};
		F1F54FA52A412D2E0061EBC8 /* QuetzalBankUITests */ = {
			isa = PBXGroup;
			children = (
				F1F54FA62A412D2E0061EBC8 /* QuetzalBankUITests.swift */,
				F1F54FA82A412D2E0061EBC8 /* QuetzalBankUITestsLaunchTests.swift */,
			);
			path = QuetzalBankUITests;
			sourceTree = "<group>";
		};
		F1F54FB52A4133770061EBC8 /* Models */ = {
			isa = PBXGroup;
			children = (
				F1A62AF22A5DBD9E004BBE1F /* Transferences */,
				F1004DB92A57A59E00ACCC69 /* AccountModel.swift */,
				F1E39B512A4362480062F56E /* User */,
				F1F54FC12A4136040061EBC8 /* BankModel.swift */,
				F1004DBB2A57A5D300ACCC69 /* CardModel.swift */,
			);
			path = Models;
			sourceTree = "<group>";
		};
		F1F54FB62A4133840061EBC8 /* Views */ = {
			isa = PBXGroup;
			children = (
				F15E9E482A54E9E40094AA72 /* Shared */,
				F15E9E472A54E9D50094AA72 /* Screen */,
			);
			path = Views;
			sourceTree = "<group>";
		};
		F1F54FB72A41338A0061EBC8 /* ViewModels */ = {
			isa = PBXGroup;
			children = (
				F1F54FC32A4137470061EBC8 /* BankViewModel.swift */,
				F1F54FCD2A413BF80061EBC8 /* LoginViewModel.swift */,
				F1724F022A5A4A76003794B5 /* RegisterViewModel.swift */,
				F1D747DC2A5DCE4F00C5ED90 /* MovementsViewModel.swift */,
				F1F76B142A5EF27600B74C35 /* TransferViewModel.swift */,
				F183424F2A66128800013F3A /* ProfileViewModel.swift */,
			);
			path = ViewModels;
			sourceTree = "<group>";
		};
		F1F54FB82A4133960061EBC8 /* Services */ = {
			isa = PBXGroup;
			children = (
				F1F54FB92A4133D30061EBC8 /* BankService.swift */,
				F1F54FC72A4139350061EBC8 /* AccountService.swift */,
				F1724F002A5A4939003794B5 /* AuthService.swift */,
			);
			path = Services;
			sourceTree = "<group>";
		};
		F1F54FBB2A4134BB0061EBC8 /* Common */ = {
			isa = PBXGroup;
			children = (
				F1E39B522A4362F60062F56E /* APIResponse.swift */,
				F1A62EFE2A57600B009887CF /* Fonts */,
				F11025182A5737F7002E9163 /* Styles */,
				F1F54FBC2A4134CC0061EBC8 /* APIConfig.swift */,
				F1E34ACC2A572B6A00B98581 /* UserSession.swift */,
				F1A62F062A5763AE009887CF /* Fonts.swift */,
				F110251D2A573A26002E9163 /* QColor.swift */,
				F1F76B162A5F112800B74C35 /* Utils.swift */,
			);
			path = Common;
			sourceTree = "<group>";
		};
/* End PBXGroup section */

/* Begin PBXNativeTarget section */
		F1F54F872A412D2E0061EBC8 /* QuetzalBank */ = {
			isa = PBXNativeTarget;
			buildConfigurationList = F1F54FAC2A412D2E0061EBC8 /* Build configuration list for PBXNativeTarget "QuetzalBank" */;
			buildPhases = (
				F1F54F842A412D2E0061EBC8 /* Sources */,
				F1F54F852A412D2E0061EBC8 /* Frameworks */,
				F1F54F862A412D2E0061EBC8 /* Resources */,
			);
			buildRules = (
			);
			dependencies = (
			);
			name = QuetzalBank;
			productName = QuetzalBank;
			productReference = F1F54F882A412D2E0061EBC8 /* QuetzalBank.app */;
			productType = "com.apple.product-type.application";
		};
		F1F54F972A412D2E0061EBC8 /* QuetzalBankTests */ = {
			isa = PBXNativeTarget;
			buildConfigurationList = F1F54FAF2A412D2E0061EBC8 /* Build configuration list for PBXNativeTarget "QuetzalBankTests" */;
			buildPhases = (
				F1F54F942A412D2E0061EBC8 /* Sources */,
				F1F54F952A412D2E0061EBC8 /* Frameworks */,
				F1F54F962A412D2E0061EBC8 /* Resources */,
			);
			buildRules = (
			);
			dependencies = (
				F1F54F9A2A412D2E0061EBC8 /* PBXTargetDependency */,
			);
			name = QuetzalBankTests;
			productName = QuetzalBankTests;
			productReference = F1F54F982A412D2E0061EBC8 /* QuetzalBankTests.xctest */;
			productType = "com.apple.product-type.bundle.unit-test";
		};
		F1F54FA12A412D2E0061EBC8 /* QuetzalBankUITests */ = {
			isa = PBXNativeTarget;
			buildConfigurationList = F1F54FB22A412D2E0061EBC8 /* Build configuration list for PBXNativeTarget "QuetzalBankUITests" */;
			buildPhases = (
				F1F54F9E2A412D2E0061EBC8 /* Sources */,
				F1F54F9F2A412D2E0061EBC8 /* Frameworks */,
				F1F54FA02A412D2E0061EBC8 /* Resources */,
			);
			buildRules = (
			);
			dependencies = (
				F1F54FA42A412D2E0061EBC8 /* PBXTargetDependency */,
			);
			name = QuetzalBankUITests;
			productName = QuetzalBankUITests;
			productReference = F1F54FA22A412D2E0061EBC8 /* QuetzalBankUITests.xctest */;
			productType = "com.apple.product-type.bundle.ui-testing";
		};
/* End PBXNativeTarget section */

/* Begin PBXProject section */
		F1F54F802A412D2E0061EBC8 /* Project object */ = {
			isa = PBXProject;
			attributes = {
				BuildIndependentTargetsInParallel = 1;
				LastSwiftUpdateCheck = 1430;
				LastUpgradeCheck = 1430;
				TargetAttributes = {
					F1F54F872A412D2E0061EBC8 = {
						CreatedOnToolsVersion = 14.3.1;
					};
					F1F54F972A412D2E0061EBC8 = {
						CreatedOnToolsVersion = 14.3.1;
						TestTargetID = F1F54F872A412D2E0061EBC8;
					};
					F1F54FA12A412D2E0061EBC8 = {
						CreatedOnToolsVersion = 14.3.1;
						TestTargetID = F1F54F872A412D2E0061EBC8;
					};
				};
			};
			buildConfigurationList = F1F54F832A412D2E0061EBC8 /* Build configuration list for PBXProject "QuetzalBank" */;
			compatibilityVersion = "Xcode 14.0";
			developmentRegion = en;
			hasScannedForEncodings = 0;
			knownRegions = (
				en,
				Base,
			);
			mainGroup = F1F54F7F2A412D2E0061EBC8;
			productRefGroup = F1F54F892A412D2E0061EBC8 /* Products */;
			projectDirPath = "";
			projectRoot = "";
			targets = (
				F1F54F872A412D2E0061EBC8 /* QuetzalBank */,
				F1F54F972A412D2E0061EBC8 /* QuetzalBankTests */,
				F1F54FA12A412D2E0061EBC8 /* QuetzalBankUITests */,
			);
		};
/* End PBXProject section */

/* Begin PBXResourcesBuildPhase section */
		F1F54F862A412D2E0061EBC8 /* Resources */ = {
			isa = PBXResourcesBuildPhase;
			buildActionMask = 2147483647;
			files = (
				F1A62F032A5761DA009887CF /* Nunito-SemiBold.ttf in Resources */,
				F1F54F932A412D2E0061EBC8 /* Preview Assets.xcassets in Resources */,
				F1A62F042A5761DA009887CF /* Nunito-Regular.ttf in Resources */,
				F1F54F902A412D2E0061EBC8 /* Assets.xcassets in Resources */,
			);
			runOnlyForDeploymentPostprocessing = 0;
		};
		F1F54F962A412D2E0061EBC8 /* Resources */ = {
			isa = PBXResourcesBuildPhase;
			buildActionMask = 2147483647;
			files = (
			);
			runOnlyForDeploymentPostprocessing = 0;
		};
		F1F54FA02A412D2E0061EBC8 /* Resources */ = {
			isa = PBXResourcesBuildPhase;
			buildActionMask = 2147483647;
			files = (
			);
			runOnlyForDeploymentPostprocessing = 0;
		};
/* End PBXResourcesBuildPhase section */

/* Begin PBXSourcesBuildPhase section */
		F1F54F842A412D2E0061EBC8 /* Sources */ = {
			isa = PBXSourcesBuildPhase;
			buildActionMask = 2147483647;
			files = (
				F1F54F8E2A412D2E0061EBC8 /* ContentView.swift in Sources */,
				F1F54FCE2A413BF80061EBC8 /* LoginViewModel.swift in Sources */,
				F1F54FBA2A4133D30061EBC8 /* BankService.swift in Sources */,
				F169FD9A2A5393E00076EFFE /* LoginView.swift in Sources */,
				F170E22B2A5792FF00639900 /* TextFieldStyle.swift in Sources */,
				F1F54FC22A4136040061EBC8 /* BankModel.swift in Sources */,
				F1004DBC2A57A5D300ACCC69 /* CardModel.swift in Sources */,
				F1724F032A5A4A76003794B5 /* RegisterViewModel.swift in Sources */,
				F183424E2A66092500013F3A /* UserUpdateResponse.swift in Sources */,
				F1E39B552A43668F0062F56E /* UserRegisterRequest.swift in Sources */,
				F110251E2A573A26002E9163 /* QColor.swift in Sources */,
				F1F54FBD2A4134CC0061EBC8 /* APIConfig.swift in Sources */,
				F1F54FC82A4139350061EBC8 /* AccountService.swift in Sources */,
				F110251C2A5738CF002E9163 /* MainButton.swift in Sources */,
				F1B224B62A58AB3B00F4C4FA /* DashboardView.swift in Sources */,
				F15E9E4A2A54E9FC0094AA72 /* CustomTextField.swift in Sources */,
				F1F76B172A5F112800B74C35 /* Utils.swift in Sources */,
				F1B224B82A58AB7500F4C4FA /* IconButon.swift in Sources */,
				F1F76B152A5EF27600B74C35 /* TransferViewModel.swift in Sources */,
				F169FD9C2A5395050076EFFE /* UserLogInRequest.swift in Sources */,
				F1E39B532A4362F60062F56E /* APIResponse.swift in Sources */,
				F1E34AC92A57229A00B98581 /* ProfileView.swift in Sources */,
				F1A62AF82A5DC862004BBE1F /* MovementsView.swift in Sources */,
				F1F54FCA2A413B140061EBC8 /* UserModel.swift in Sources */,
				F1E34ACB2A5722A900B98581 /* ReceiveView.swift in Sources */,
				F1A62F092A5772F5009887CF /* GradientButton.swift in Sources */,
				F1F54FC42A4137470061EBC8 /* BankViewModel.swift in Sources */,
				F1A62AF62A5DBDB7004BBE1F /* TransferRequest.swift in Sources */,
				F18342502A66128800013F3A /* ProfileViewModel.swift in Sources */,
				F1E34ACD2A572B6A00B98581 /* UserSession.swift in Sources */,
				F1A62F072A5763AE009887CF /* Fonts.swift in Sources */,
				F1F54FD02A413C840061EBC8 /* RegisterView.swift in Sources */,
				F1A62AF42A5DBDAE004BBE1F /* MovementModel.swift in Sources */,
				F1724F012A5A4939003794B5 /* AuthService.swift in Sources */,
				F1F54F8C2A412D2E0061EBC8 /* QuetzalBankApp.swift in Sources */,
				F1004DBA2A57A59E00ACCC69 /* AccountModel.swift in Sources */,
				F170E2292A577CDD00639900 /* SecondaryButton.swift in Sources */,
				F1D747DD2A5DCE4F00C5ED90 /* MovementsViewModel.swift in Sources */,
				F1E34AC52A57227E00B98581 /* TransferView.swift in Sources */,
				F1F76B132A5EEFB400B74C35 /* TransferResponse.swift in Sources */,
				F183424C2A6607EF00013F3A /* UserUpdateRequest.swift in Sources */,
				F1F54FC62A4138030061EBC8 /* BankView.swift in Sources */,
				F1B224B42A589A0100F4C4FA /* ToggleStyle.swift in Sources */,
			);
			runOnlyForDeploymentPostprocessing = 0;
		};
		F1F54F942A412D2E0061EBC8 /* Sources */ = {
			isa = PBXSourcesBuildPhase;
			buildActionMask = 2147483647;
			files = (
				F1F54F9D2A412D2E0061EBC8 /* QuetzalBankTests.swift in Sources */,
			);
			runOnlyForDeploymentPostprocessing = 0;
		};
		F1F54F9E2A412D2E0061EBC8 /* Sources */ = {
			isa = PBXSourcesBuildPhase;
			buildActionMask = 2147483647;
			files = (
				F1F54FA72A412D2E0061EBC8 /* QuetzalBankUITests.swift in Sources */,
				F1F54FA92A412D2E0061EBC8 /* QuetzalBankUITestsLaunchTests.swift in Sources */,
			);
			runOnlyForDeploymentPostprocessing = 0;
		};
/* End PBXSourcesBuildPhase section */

/* Begin PBXTargetDependency section */
		F1F54F9A2A412D2E0061EBC8 /* PBXTargetDependency */ = {
			isa = PBXTargetDependency;
			target = F1F54F872A412D2E0061EBC8 /* QuetzalBank */;
			targetProxy = F1F54F992A412D2E0061EBC8 /* PBXContainerItemProxy */;
		};
		F1F54FA42A412D2E0061EBC8 /* PBXTargetDependency */ = {
			isa = PBXTargetDependency;
			target = F1F54F872A412D2E0061EBC8 /* QuetzalBank */;
			targetProxy = F1F54FA32A412D2E0061EBC8 /* PBXContainerItemProxy */;
		};
/* End PBXTargetDependency section */

/* Begin XCBuildConfiguration section */
		F1F54FAA2A412D2E0061EBC8 /* Debug */ = {
			isa = XCBuildConfiguration;
			buildSettings = {
				ALWAYS_SEARCH_USER_PATHS = NO;
				CLANG_ANALYZER_NONNULL = YES;
				CLANG_ANALYZER_NUMBER_OBJECT_CONVERSION = YES_AGGRESSIVE;
				CLANG_CXX_LANGUAGE_STANDARD = "gnu++20";
				CLANG_ENABLE_MODULES = YES;
				CLANG_ENABLE_OBJC_ARC = YES;
				CLANG_ENABLE_OBJC_WEAK = YES;
				CLANG_WARN_BLOCK_CAPTURE_AUTORELEASING = YES;
				CLANG_WARN_BOOL_CONVERSION = YES;
				CLANG_WARN_COMMA = YES;
				CLANG_WARN_CONSTANT_CONVERSION = YES;
				CLANG_WARN_DEPRECATED_OBJC_IMPLEMENTATIONS = YES;
				CLANG_WARN_DIRECT_OBJC_ISA_USAGE = YES_ERROR;
				CLANG_WARN_DOCUMENTATION_COMMENTS = YES;
				CLANG_WARN_EMPTY_BODY = YES;
				CLANG_WARN_ENUM_CONVERSION = YES;
				CLANG_WARN_INFINITE_RECURSION = YES;
				CLANG_WARN_INT_CONVERSION = YES;
				CLANG_WARN_NON_LITERAL_NULL_CONVERSION = YES;
				CLANG_WARN_OBJC_IMPLICIT_RETAIN_SELF = YES;
				CLANG_WARN_OBJC_LITERAL_CONVERSION = YES;
				CLANG_WARN_OBJC_ROOT_CLASS = YES_ERROR;
				CLANG_WARN_QUOTED_INCLUDE_IN_FRAMEWORK_HEADER = YES;
				CLANG_WARN_RANGE_LOOP_ANALYSIS = YES;
				CLANG_WARN_STRICT_PROTOTYPES = YES;
				CLANG_WARN_SUSPICIOUS_MOVE = YES;
				CLANG_WARN_UNGUARDED_AVAILABILITY = YES_AGGRESSIVE;
				CLANG_WARN_UNREACHABLE_CODE = YES;
				CLANG_WARN__DUPLICATE_METHOD_MATCH = YES;
				COPY_PHASE_STRIP = NO;
				DEBUG_INFORMATION_FORMAT = dwarf;
				ENABLE_STRICT_OBJC_MSGSEND = YES;
				ENABLE_TESTABILITY = YES;
				GCC_C_LANGUAGE_STANDARD = gnu11;
				GCC_DYNAMIC_NO_PIC = NO;
				GCC_NO_COMMON_BLOCKS = YES;
				GCC_OPTIMIZATION_LEVEL = 0;
				GCC_PREPROCESSOR_DEFINITIONS = (
					"DEBUG=1",
					"$(inherited)",
				);
				GCC_WARN_64_TO_32_BIT_CONVERSION = YES;
				GCC_WARN_ABOUT_RETURN_TYPE = YES_ERROR;
				GCC_WARN_UNDECLARED_SELECTOR = YES;
				GCC_WARN_UNINITIALIZED_AUTOS = YES_AGGRESSIVE;
				GCC_WARN_UNUSED_FUNCTION = YES;
				GCC_WARN_UNUSED_VARIABLE = YES;
				IPHONEOS_DEPLOYMENT_TARGET = 16.4;
				MTL_ENABLE_DEBUG_INFO = INCLUDE_SOURCE;
				MTL_FAST_MATH = YES;
				ONLY_ACTIVE_ARCH = YES;
				SDKROOT = iphoneos;
				SWIFT_ACTIVE_COMPILATION_CONDITIONS = DEBUG;
				SWIFT_OPTIMIZATION_LEVEL = "-Onone";
			};
			name = Debug;
		};
		F1F54FAB2A412D2E0061EBC8 /* Release */ = {
			isa = XCBuildConfiguration;
			buildSettings = {
				ALWAYS_SEARCH_USER_PATHS = NO;
				CLANG_ANALYZER_NONNULL = YES;
				CLANG_ANALYZER_NUMBER_OBJECT_CONVERSION = YES_AGGRESSIVE;
				CLANG_CXX_LANGUAGE_STANDARD = "gnu++20";
				CLANG_ENABLE_MODULES = YES;
				CLANG_ENABLE_OBJC_ARC = YES;
				CLANG_ENABLE_OBJC_WEAK = YES;
				CLANG_WARN_BLOCK_CAPTURE_AUTORELEASING = YES;
				CLANG_WARN_BOOL_CONVERSION = YES;
				CLANG_WARN_COMMA = YES;
				CLANG_WARN_CONSTANT_CONVERSION = YES;
				CLANG_WARN_DEPRECATED_OBJC_IMPLEMENTATIONS = YES;
				CLANG_WARN_DIRECT_OBJC_ISA_USAGE = YES_ERROR;
				CLANG_WARN_DOCUMENTATION_COMMENTS = YES;
				CLANG_WARN_EMPTY_BODY = YES;
				CLANG_WARN_ENUM_CONVERSION = YES;
				CLANG_WARN_INFINITE_RECURSION = YES;
				CLANG_WARN_INT_CONVERSION = YES;
				CLANG_WARN_NON_LITERAL_NULL_CONVERSION = YES;
				CLANG_WARN_OBJC_IMPLICIT_RETAIN_SELF = YES;
				CLANG_WARN_OBJC_LITERAL_CONVERSION = YES;
				CLANG_WARN_OBJC_ROOT_CLASS = YES_ERROR;
				CLANG_WARN_QUOTED_INCLUDE_IN_FRAMEWORK_HEADER = YES;
				CLANG_WARN_RANGE_LOOP_ANALYSIS = YES;
				CLANG_WARN_STRICT_PROTOTYPES = YES;
				CLANG_WARN_SUSPICIOUS_MOVE = YES;
				CLANG_WARN_UNGUARDED_AVAILABILITY = YES_AGGRESSIVE;
				CLANG_WARN_UNREACHABLE_CODE = YES;
				CLANG_WARN__DUPLICATE_METHOD_MATCH = YES;
				COPY_PHASE_STRIP = NO;
				DEBUG_INFORMATION_FORMAT = "dwarf-with-dsym";
				ENABLE_NS_ASSERTIONS = NO;
				ENABLE_STRICT_OBJC_MSGSEND = YES;
				GCC_C_LANGUAGE_STANDARD = gnu11;
				GCC_NO_COMMON_BLOCKS = YES;
				GCC_WARN_64_TO_32_BIT_CONVERSION = YES;
				GCC_WARN_ABOUT_RETURN_TYPE = YES_ERROR;
				GCC_WARN_UNDECLARED_SELECTOR = YES;
				GCC_WARN_UNINITIALIZED_AUTOS = YES_AGGRESSIVE;
				GCC_WARN_UNUSED_FUNCTION = YES;
				GCC_WARN_UNUSED_VARIABLE = YES;
				IPHONEOS_DEPLOYMENT_TARGET = 16.4;
				MTL_ENABLE_DEBUG_INFO = NO;
				MTL_FAST_MATH = YES;
				SDKROOT = iphoneos;
				SWIFT_COMPILATION_MODE = wholemodule;
				SWIFT_OPTIMIZATION_LEVEL = "-O";
				VALIDATE_PRODUCT = YES;
			};
			name = Release;
		};
		F1F54FAD2A412D2E0061EBC8 /* Debug */ = {
			isa = XCBuildConfiguration;
			buildSettings = {
				ASSETCATALOG_COMPILER_APPICON_NAME = AppIcon;
				ASSETCATALOG_COMPILER_GLOBAL_ACCENT_COLOR_NAME = AccentColor;
				CODE_SIGN_STYLE = Automatic;
				CURRENT_PROJECT_VERSION = 1;
				DEVELOPMENT_ASSET_PATHS = "\"QuetzalBank/Preview Content\"";
				DEVELOPMENT_TEAM = 5T47B93M73;
				ENABLE_PREVIEWS = YES;
				GENERATE_INFOPLIST_FILE = YES;
				INFOPLIST_FILE = QuetzalBank/Info.plist;
				INFOPLIST_KEY_NSFaceIDUsageDescription = "FaceID authetication";
				INFOPLIST_KEY_UIApplicationSceneManifest_Generation = YES;
				INFOPLIST_KEY_UIApplicationSupportsIndirectInputEvents = YES;
				INFOPLIST_KEY_UILaunchScreen_Generation = YES;
				INFOPLIST_KEY_UISupportedInterfaceOrientations_iPad = "UIInterfaceOrientationPortrait UIInterfaceOrientationPortraitUpsideDown UIInterfaceOrientationLandscapeLeft UIInterfaceOrientationLandscapeRight";
				INFOPLIST_KEY_UISupportedInterfaceOrientations_iPhone = "UIInterfaceOrientationPortrait UIInterfaceOrientationLandscapeLeft UIInterfaceOrientationLandscapeRight";
				LD_RUNPATH_SEARCH_PATHS = (
					"$(inherited)",
					"@executable_path/Frameworks",
				);
				MARKETING_VERSION = 1.0;
				PRODUCT_BUNDLE_IDENTIFIER = com.Quetzal.QuetzalBank;
				PRODUCT_NAME = "$(TARGET_NAME)";
				SWIFT_EMIT_LOC_STRINGS = YES;
				SWIFT_VERSION = 5.0;
				TARGETED_DEVICE_FAMILY = "1,2";
			};
			name = Debug;
		};
		F1F54FAE2A412D2E0061EBC8 /* Release */ = {
			isa = XCBuildConfiguration;
			buildSettings = {
				ASSETCATALOG_COMPILER_APPICON_NAME = AppIcon;
				ASSETCATALOG_COMPILER_GLOBAL_ACCENT_COLOR_NAME = AccentColor;
				CODE_SIGN_STYLE = Automatic;
				CURRENT_PROJECT_VERSION = 1;
				DEVELOPMENT_ASSET_PATHS = "\"QuetzalBank/Preview Content\"";
				DEVELOPMENT_TEAM = 5T47B93M73;
				ENABLE_PREVIEWS = YES;
				GENERATE_INFOPLIST_FILE = YES;
				INFOPLIST_FILE = QuetzalBank/Info.plist;
				INFOPLIST_KEY_NSFaceIDUsageDescription = "FaceID authetication";
				INFOPLIST_KEY_UIApplicationSceneManifest_Generation = YES;
				INFOPLIST_KEY_UIApplicationSupportsIndirectInputEvents = YES;
				INFOPLIST_KEY_UILaunchScreen_Generation = YES;
				INFOPLIST_KEY_UISupportedInterfaceOrientations_iPad = "UIInterfaceOrientationPortrait UIInterfaceOrientationPortraitUpsideDown UIInterfaceOrientationLandscapeLeft UIInterfaceOrientationLandscapeRight";
				INFOPLIST_KEY_UISupportedInterfaceOrientations_iPhone = "UIInterfaceOrientationPortrait UIInterfaceOrientationLandscapeLeft UIInterfaceOrientationLandscapeRight";
				LD_RUNPATH_SEARCH_PATHS = (
					"$(inherited)",
					"@executable_path/Frameworks",
				);
				MARKETING_VERSION = 1.0;
				PRODUCT_BUNDLE_IDENTIFIER = com.Quetzal.QuetzalBank;
				PRODUCT_NAME = "$(TARGET_NAME)";
				SWIFT_EMIT_LOC_STRINGS = YES;
				SWIFT_VERSION = 5.0;
				TARGETED_DEVICE_FAMILY = "1,2";
			};
			name = Release;
		};
		F1F54FB02A412D2E0061EBC8 /* Debug */ = {
			isa = XCBuildConfiguration;
			buildSettings = {
				ALWAYS_EMBED_SWIFT_STANDARD_LIBRARIES = YES;
				BUNDLE_LOADER = "$(TEST_HOST)";
				CODE_SIGN_STYLE = Automatic;
				CURRENT_PROJECT_VERSION = 1;
				GENERATE_INFOPLIST_FILE = YES;
				IPHONEOS_DEPLOYMENT_TARGET = 16.4;
				MARKETING_VERSION = 1.0;
				PRODUCT_BUNDLE_IDENTIFIER = com.Quetzal.QuetzalBankTests;
				PRODUCT_NAME = "$(TARGET_NAME)";
				SWIFT_EMIT_LOC_STRINGS = NO;
				SWIFT_VERSION = 5.0;
				TARGETED_DEVICE_FAMILY = "1,2";
				TEST_HOST = "$(BUILT_PRODUCTS_DIR)/QuetzalBank.app/$(BUNDLE_EXECUTABLE_FOLDER_PATH)/QuetzalBank";
			};
			name = Debug;
		};
		F1F54FB12A412D2E0061EBC8 /* Release */ = {
			isa = XCBuildConfiguration;
			buildSettings = {
				ALWAYS_EMBED_SWIFT_STANDARD_LIBRARIES = YES;
				BUNDLE_LOADER = "$(TEST_HOST)";
				CODE_SIGN_STYLE = Automatic;
				CURRENT_PROJECT_VERSION = 1;
				GENERATE_INFOPLIST_FILE = YES;
				IPHONEOS_DEPLOYMENT_TARGET = 16.4;
				MARKETING_VERSION = 1.0;
				PRODUCT_BUNDLE_IDENTIFIER = com.Quetzal.QuetzalBankTests;
				PRODUCT_NAME = "$(TARGET_NAME)";
				SWIFT_EMIT_LOC_STRINGS = NO;
				SWIFT_VERSION = 5.0;
				TARGETED_DEVICE_FAMILY = "1,2";
				TEST_HOST = "$(BUILT_PRODUCTS_DIR)/QuetzalBank.app/$(BUNDLE_EXECUTABLE_FOLDER_PATH)/QuetzalBank";
			};
			name = Release;
		};
		F1F54FB32A412D2E0061EBC8 /* Debug */ = {
			isa = XCBuildConfiguration;
			buildSettings = {
				ALWAYS_EMBED_SWIFT_STANDARD_LIBRARIES = YES;
				CODE_SIGN_STYLE = Automatic;
				CURRENT_PROJECT_VERSION = 1;
				GENERATE_INFOPLIST_FILE = YES;
				MARKETING_VERSION = 1.0;
				PRODUCT_BUNDLE_IDENTIFIER = com.Quetzal.QuetzalBankUITests;
				PRODUCT_NAME = "$(TARGET_NAME)";
				SWIFT_EMIT_LOC_STRINGS = NO;
				SWIFT_VERSION = 5.0;
				TARGETED_DEVICE_FAMILY = "1,2";
				TEST_TARGET_NAME = QuetzalBank;
			};
			name = Debug;
		};
		F1F54FB42A412D2E0061EBC8 /* Release */ = {
			isa = XCBuildConfiguration;
			buildSettings = {
				ALWAYS_EMBED_SWIFT_STANDARD_LIBRARIES = YES;
				CODE_SIGN_STYLE = Automatic;
				CURRENT_PROJECT_VERSION = 1;
				GENERATE_INFOPLIST_FILE = YES;
				MARKETING_VERSION = 1.0;
				PRODUCT_BUNDLE_IDENTIFIER = com.Quetzal.QuetzalBankUITests;
				PRODUCT_NAME = "$(TARGET_NAME)";
				SWIFT_EMIT_LOC_STRINGS = NO;
				SWIFT_VERSION = 5.0;
				TARGETED_DEVICE_FAMILY = "1,2";
				TEST_TARGET_NAME = QuetzalBank;
			};
			name = Release;
		};
/* End XCBuildConfiguration section */

/* Begin XCConfigurationList section */
		F1F54F832A412D2E0061EBC8 /* Build configuration list for PBXProject "QuetzalBank" */ = {
			isa = XCConfigurationList;
			buildConfigurations = (
				F1F54FAA2A412D2E0061EBC8 /* Debug */,
				F1F54FAB2A412D2E0061EBC8 /* Release */,
			);
			defaultConfigurationIsVisible = 0;
			defaultConfigurationName = Release;
		};
		F1F54FAC2A412D2E0061EBC8 /* Build configuration list for PBXNativeTarget "QuetzalBank" */ = {
			isa = XCConfigurationList;
			buildConfigurations = (
				F1F54FAD2A412D2E0061EBC8 /* Debug */,
				F1F54FAE2A412D2E0061EBC8 /* Release */,
			);
			defaultConfigurationIsVisible = 0;
			defaultConfigurationName = Release;
		};
		F1F54FAF2A412D2E0061EBC8 /* Build configuration list for PBXNativeTarget "QuetzalBankTests" */ = {
			isa = XCConfigurationList;
			buildConfigurations = (
				F1F54FB02A412D2E0061EBC8 /* Debug */,
				F1F54FB12A412D2E0061EBC8 /* Release */,
			);
			defaultConfigurationIsVisible = 0;
			defaultConfigurationName = Release;
		};
		F1F54FB22A412D2E0061EBC8 /* Build configuration list for PBXNativeTarget "QuetzalBankUITests" */ = {
			isa = XCConfigurationList;
			buildConfigurations = (
				F1F54FB32A412D2E0061EBC8 /* Debug */,
				F1F54FB42A412D2E0061EBC8 /* Release */,
			);
			defaultConfigurationIsVisible = 0;
			defaultConfigurationName = Release;
		};
/* End XCConfigurationList section */
	};
	rootObject = F1F54F802A412D2E0061EBC8 /* Project object */;
}
